
Microsoft Visual Studio Solution File, Format Version 12.00
# Visual Studio 15
VisualStudioVersion = 15.0.35319.79
MinimumVisualStudioVersion = 10.0.40219.1
Project("{FAE04EC0-301F-11D3-BF4B-00C04F79EFBC}") = "Launcher", "Launcher\Launcher.csproj", "{02C4B69D-4200-4E97-B41E-E6479CAC1E8D}"
EndProject
Global
	GlobalSection(SolutionConfigurationPlatforms) = preSolution
		Debug|Any CPU = Debug|Any CPU
		Debug|x64 = Debug|x64
		Release|Any CPU = Release|Any CPU
		Release|x64 = Release|x64
	EndGlobalSection
	GlobalSection(ProjectConfigurationPlatforms) = postSolution
		{02C4B69D-4200-4E97-B41E-E6479CAC1E8D}.Debug|Any CPU.ActiveCfg = Debug|Any CPU
		{02C4B69D-4200-4E97-B41E-E6479CAC1E8D}.Debug|Any CPU.Build.0 = Debug|Any CPU
		{02C4B69D-4200-4E97-B41E-E6479CAC1E8D}.Debug|x64.ActiveCfg = Debug|x64
		{02C4B69D-4200-4E97-B41E-E6479CAC1E8D}.Debug|x64.Build.0 = Debug|x64
		{02C4B69D-4200-4E97-B41E-E6479CAC1E8D}.Release|Any CPU.ActiveCfg = Release|Any CPU
		{02C4B69D-4200-4E97-B41E-E6479CAC1E8D}.Release|Any CPU.Build.0 = Release|Any CPU
		{02C4B69D-4200-4E97-B41E-E6479CAC1E8D}.Release|x64.ActiveCfg = Release|x64
		{02C4B69D-4200-4E97-B41E-E6479CAC1E8D}.Release|x64.Build.0 = Release|x64
	EndGlobalSection
	GlobalSection(SolutionProperties) = preSolution
		HideSolutionNode = FALSE
	EndGlobalSection
	GlobalSection(ExtensibilityGlobals) = postSolution
		SolutionGuid = {87E81BAC-A5A5-49C0-BCE3-586A3B5E5819}
	EndGlobalSection
EndGlobal
